// !$*UTF8*$!
{
	archiveVersion = 1;
	classes = {
	};
	objectVersion = 46;
	objects = {

/* Begin PBXBuildFile section */
		F1576166188DFFAF00175663 /* Foundation.framework in Frameworks */ = {isa = PBXBuildFile; fileRef = F1576165188DFFAF00175663 /* Foundation.framework */; };
		F1576168188DFFAF00175663 /* CoreGraphics.framework in Frameworks */ = {isa = PBXBuildFile; fileRef = F1576167188DFFAF00175663 /* CoreGraphics.framework */; };
		F157616A188DFFAF00175663 /* UIKit.framework in Frameworks */ = {isa = PBXBuildFile; fileRef = F1576169188DFFAF00175663 /* UIKit.framework */; };
		F1576170188DFFAF00175663 /* InfoPlist.strings in Resources */ = {isa = PBXBuildFile; fileRef = F157616E188DFFAF00175663 /* InfoPlist.strings */; };
		F1576172188DFFAF00175663 /* main.m in Sources */ = {isa = PBXBuildFile; fileRef = F1576171188DFFAF00175663 /* main.m */; };
		F1576176188DFFAF00175663 /* AppDelegate.m in Sources */ = {isa = PBXBuildFile; fileRef = F1576175188DFFAF00175663 /* AppDelegate.m */; };
		F1576179188DFFAF00175663 /* Main_iPhone.storyboard in Resources */ = {isa = PBXBuildFile; fileRef = F1576177188DFFAF00175663 /* Main_iPhone.storyboard */; };
		F157617F188DFFAF00175663 /* ViewController.m in Sources */ = {isa = PBXBuildFile; fileRef = F157617E188DFFAF00175663 /* ViewController.m */; };
		F1576181188DFFAF00175663 /* Images.xcassets in Resources */ = {isa = PBXBuildFile; fileRef = F1576180188DFFAF00175663 /* Images.xcassets */; };
		F1576188188DFFAF00175663 /* XCTest.framework in Frameworks */ = {isa = PBXBuildFile; fileRef = F1576187188DFFAF00175663 /* XCTest.framework */; };
		F1576189188DFFAF00175663 /* Foundation.framework in Frameworks */ = {isa = PBXBuildFile; fileRef = F1576165188DFFAF00175663 /* Foundation.framework */; };
		F157618A188DFFAF00175663 /* UIKit.framework in Frameworks */ = {isa = PBXBuildFile; fileRef = F1576169188DFFAF00175663 /* UIKit.framework */; };
		F1576192188DFFB000175663 /* InfoPlist.strings in Resources */ = {isa = PBXBuildFile; fileRef = F1576190188DFFB000175663 /* InfoPlist.strings */; };
		F1576194188DFFB000175663 /* TableViewWithMapTests.m in Sources */ = {isa = PBXBuildFile; fileRef = F1576193188DFFB000175663 /* TableViewWithMapTests.m */; };
		F18FCF93188E003C00E84B08 /* BATableView.m in Sources */ = {isa = PBXBuildFile; fileRef = F18FCF92188E003C00E84B08 /* BATableView.m */; };
		F18FCF95188E015600E84B08 /* MapKit.framework in Frameworks */ = {isa = PBXBuildFile; fileRef = F18FCF94188E015600E84B08 /* MapKit.framework */; };
/* End PBXBuildFile section */

/* Begin PBXContainerItemProxy section */
		F157618B188DFFAF00175663 /* PBXContainerItemProxy */ = {
			isa = PBXContainerItemProxy;
			containerPortal = F157615A188DFFAF00175663 /* Project object */;
			proxyType = 1;
			remoteGlobalIDString = F1576161188DFFAF00175663;
			remoteInfo = TableViewWithMap;
		};
/* End PBXContainerItemProxy section */

/* Begin PBXFileReference section */
		F1576162188DFFAF00175663 /* TableViewWithMap.app */ = {isa = PBXFileReference; explicitFileType = wrapper.application; includeInIndex = 0; path = TableViewWithMap.app; sourceTree = BUILT_PRODUCTS_DIR; };
		F1576165188DFFAF00175663 /* Foundation.framework */ = {isa = PBXFileReference; lastKnownFileType = wrapper.framework; name = Foundation.framework; path = System/Library/Frameworks/Foundation.framework; sourceTree = SDKROOT; };
		F1576167188DFFAF00175663 /* CoreGraphics.framework */ = {isa = PBXFileReference; lastKnownFileType = wrapper.framework; name = CoreGraphics.framework; path = System/Library/Frameworks/CoreGraphics.framework; sourceTree = SDKROOT; };
		F1576169188DFFAF00175663 /* UIKit.framework */ = {isa = PBXFileReference; lastKnownFileType = wrapper.framework; name = UIKit.framework; path = System/Library/Frameworks/UIKit.framework; sourceTree = SDKROOT; };
		F157616D188DFFAF00175663 /* TableViewWithMap-Info.plist */ = {isa = PBXFileReference; lastKnownFileType = text.plist.xml; path = "TableViewWithMap-Info.plist"; sourceTree = "<group>"; };
		F157616F188DFFAF00175663 /* en */ = {isa = PBXFileReference; lastKnownFileType = text.plist.strings; name = en; path = en.lproj/InfoPlist.strings; sourceTree = "<group>"; };
		F1576171188DFFAF00175663 /* main.m */ = {isa = PBXFileReference; lastKnownFileType = sourcecode.c.objc; path = main.m; sourceTree = "<group>"; };
		F1576173188DFFAF00175663 /* TableViewWithMap-Prefix.pch */ = {isa = PBXFileReference; lastKnownFileType = sourcecode.c.h; path = "TableViewWithMap-Prefix.pch"; sourceTree = "<group>"; };
		F1576174188DFFAF00175663 /* AppDelegate.h */ = {isa = PBXFileReference; lastKnownFileType = sourcecode.c.h; path = AppDelegate.h; sourceTree = "<group>"; };
		F1576175188DFFAF00175663 /* AppDelegate.m */ = {isa = PBXFileReference; lastKnownFileType = sourcecode.c.objc; path = AppDelegate.m; sourceTree = "<group>"; };
		F1576178188DFFAF00175663 /* Base */ = {isa = PBXFileReference; lastKnownFileType = file.storyboard; name = Base; path = Base.lproj/Main_iPhone.storyboard; sourceTree = "<group>"; };
		F157617D188DFFAF00175663 /* ViewController.h */ = {isa = PBXFileReference; lastKnownFileType = sourcecode.c.h; path = ViewController.h; sourceTree = "<group>"; };
		F157617E188DFFAF00175663 /* ViewController.m */ = {isa = PBXFileReference; lastKnownFileType = sourcecode.c.objc; path = ViewController.m; sourceTree = "<group>"; };
		F1576180188DFFAF00175663 /* Images.xcassets */ = {isa = PBXFileReference; lastKnownFileType = folder.assetcatalog; path = Images.xcassets; sourceTree = "<group>"; };
		F1576186188DFFAF00175663 /* TableViewWithMapTests.xctest */ = {isa = PBXFileReference; explicitFileType = wrapper.cfbundle; includeInIndex = 0; path = TableViewWithMapTests.xctest; sourceTree = BUILT_PRODUCTS_DIR; };
		F1576187188DFFAF00175663 /* XCTest.framework */ = {isa = PBXFileReference; lastKnownFileType = wrapper.framework; name = XCTest.framework; path = Library/Frameworks/XCTest.framework; sourceTree = DEVELOPER_DIR; };
		F157618F188DFFB000175663 /* TableViewWithMapTests-Info.plist */ = {isa = PBXFileReference; lastKnownFileType = text.plist.xml; path = "TableViewWithMapTests-Info.plist"; sourceTree = "<group>"; };
		F1576191188DFFB000175663 /* en */ = {isa = PBXFileReference; lastKnownFileType = text.plist.strings; name = en; path = en.lproj/InfoPlist.strings; sourceTree = "<group>"; };
		F1576193188DFFB000175663 /* TableViewWithMapTests.m */ = {isa = PBXFileReference; lastKnownFileType = sourcecode.c.objc; path = TableViewWithMapTests.m; sourceTree = "<group>"; };
		F18FCF91188E003C00E84B08 /* BATableView.h */ = {isa = PBXFileReference; fileEncoding = 4; lastKnownFileType = sourcecode.c.h; path = BATableView.h; sourceTree = "<group>"; };
		F18FCF92188E003C00E84B08 /* BATableView.m */ = {isa = PBXFileReference; fileEncoding = 4; lastKnownFileType = sourcecode.c.objc; path = BATableView.m; sourceTree = "<group>"; };
		F18FCF94188E015600E84B08 /* MapKit.framework */ = {isa = PBXFileReference; lastKnownFileType = wrapper.framework; name = MapKit.framework; path = System/Library/Frameworks/MapKit.framework; sourceTree = SDKROOT; };
/* End PBXFileReference section */

/* Begin PBXFrameworksBuildPhase section */
		F157615F188DFFAF00175663 /* Frameworks */ = {
			isa = PBXFrameworksBuildPhase;
			buildActionMask = 2147483647;
			files = (
				F18FCF95188E015600E84B08 /* MapKit.framework in Frameworks */,
				F1576168188DFFAF00175663 /* CoreGraphics.framework in Frameworks */,
				F157616A188DFFAF00175663 /* UIKit.framework in Frameworks */,
				F1576166188DFFAF00175663 /* Foundation.framework in Frameworks */,
			);
			runOnlyForDeploymentPostprocessing = 0;
		};
		F1576183188DFFAF00175663 /* Frameworks */ = {
			isa = PBXFrameworksBuildPhase;
			buildActionMask = 2147483647;
			files = (
				F1576188188DFFAF00175663 /* XCTest.framework in Frameworks */,
				F157618A188DFFAF00175663 /* UIKit.framework in Frameworks */,
				F1576189188DFFAF00175663 /* Foundation.framework in Frameworks */,
			);
			runOnlyForDeploymentPostprocessing = 0;
		};
/* End PBXFrameworksBuildPhase section */

/* Begin PBXGroup section */
		F1576159188DFFAF00175663 = {
			isa = PBXGroup;
			children = (
				F157616B188DFFAF00175663 /* TableViewWithMap */,
				F157618D188DFFAF00175663 /* TableViewWithMapTests */,
				F1576164188DFFAF00175663 /* Frameworks */,
				F1576163188DFFAF00175663 /* Products */,
			);
			sourceTree = "<group>";
		};
		F1576163188DFFAF00175663 /* Products */ = {
			isa = PBXGroup;
			children = (
				F1576162188DFFAF00175663 /* TableViewWithMap.app */,
				F1576186188DFFAF00175663 /* TableViewWithMapTests.xctest */,
			);
			name = Products;
			sourceTree = "<group>";
		};
		F1576164188DFFAF00175663 /* Frameworks */ = {
			isa = PBXGroup;
			children = (
				F18FCF94188E015600E84B08 /* MapKit.framework */,
				F1576165188DFFAF00175663 /* Foundation.framework */,
				F1576167188DFFAF00175663 /* CoreGraphics.framework */,
				F1576169188DFFAF00175663 /* UIKit.framework */,
				F1576187188DFFAF00175663 /* XCTest.framework */,
			);
			name = Frameworks;
			sourceTree = "<group>";
		};
		F157616B188DFFAF00175663 /* TableViewWithMap */ = {
			isa = PBXGroup;
			children = (
				F1576174188DFFAF00175663 /* AppDelegate.h */,
				F1576175188DFFAF00175663 /* AppDelegate.m */,
				F1576177188DFFAF00175663 /* Main_iPhone.storyboard */,
				F18FCF91188E003C00E84B08 /* BATableView.h */,
				F18FCF92188E003C00E84B08 /* BATableView.m */,
				F157617D188DFFAF00175663 /* ViewController.h */,
				F157617E188DFFAF00175663 /* ViewController.m */,
				F1576180188DFFAF00175663 /* Images.xcassets */,
				F157616C188DFFAF00175663 /* Supporting Files */,
			);
			path = TableViewWithMap;
			sourceTree = "<group>";
		};
		F157616C188DFFAF00175663 /* Supporting Files */ = {
			isa = PBXGroup;
			children = (
				F157616D188DFFAF00175663 /* TableViewWithMap-Info.plist */,
				F157616E188DFFAF00175663 /* InfoPlist.strings */,
				F1576171188DFFAF00175663 /* main.m */,
				F1576173188DFFAF00175663 /* TableViewWithMap-Prefix.pch */,
			);
			name = "Supporting Files";
			sourceTree = "<group>";
		};
		F157618D188DFFAF00175663 /* TableViewWithMapTests */ = {
			isa = PBXGroup;
			children = (
				F1576193188DFFB000175663 /* TableViewWithMapTests.m */,
				F157618E188DFFB000175663 /* Supporting Files */,
			);
			path = TableViewWithMapTests;
			sourceTree = "<group>";
		};
		F157618E188DFFB000175663 /* Supporting Files */ = {
			isa = PBXGroup;
			children = (
				F157618F188DFFB000175663 /* TableViewWithMapTests-Info.plist */,
				F1576190188DFFB000175663 /* InfoPlist.strings */,
			);
			name = "Supporting Files";
			sourceTree = "<group>";
		};
/* End PBXGroup section */

/* Begin PBXNativeTarget section */
		F1576161188DFFAF00175663 /* TableViewWithMap */ = {
			isa = PBXNativeTarget;
			buildConfigurationList = F1576197188DFFB000175663 /* Build configuration list for PBXNativeTarget "TableViewWithMap" */;
			buildPhases = (
				F157615E188DFFAF00175663 /* Sources */,
				F157615F188DFFAF00175663 /* Frameworks */,
				F1576160188DFFAF00175663 /* Resources */,
			);
			buildRules = (
			);
			dependencies = (
			);
			name = TableViewWithMap;
			productName = TableViewWithMap;
			productReference = F1576162188DFFAF00175663 /* TableViewWithMap.app */;
			productType = "com.apple.product-type.application";
		};
		F1576185188DFFAF00175663 /* TableViewWithMapTests */ = {
			isa = PBXNativeTarget;
			buildConfigurationList = F157619A188DFFB000175663 /* Build configuration list for PBXNativeTarget "TableViewWithMapTests" */;
			buildPhases = (
				F1576182188DFFAF00175663 /* Sources */,
				F1576183188DFFAF00175663 /* Frameworks */,
				F1576184188DFFAF00175663 /* Resources */,
			);
			buildRules = (
			);
			dependencies = (
				F157618C188DFFAF00175663 /* PBXTargetDependency */,
			);
			name = TableViewWithMapTests;
			productName = TableViewWithMapTests;
			productReference = F1576186188DFFAF00175663 /* TableViewWithMapTests.xctest */;
			productType = "com.apple.product-type.bundle.unit-test";
		};
/* End PBXNativeTarget section */

/* Begin PBXProject section */
		F157615A188DFFAF00175663 /* Project object */ = {
			isa = PBXProject;
			attributes = {
				LastUpgradeCheck = 0500;
				ORGANIZATIONNAME = "Basar Akyelli";
				TargetAttributes = {
					F1576185188DFFAF00175663 = {
						TestTargetID = F1576161188DFFAF00175663;
					};
				};
			};
			buildConfigurationList = F157615D188DFFAF00175663 /* Build configuration list for PBXProject "TableViewWithMap" */;
			compatibilityVersion = "Xcode 3.2";
			developmentRegion = English;
			hasScannedForEncodings = 0;
			knownRegions = (
				en,
				Base,
			);
			mainGroup = F1576159188DFFAF00175663;
			productRefGroup = F1576163188DFFAF00175663 /* Products */;
			projectDirPath = "";
			projectRoot = "";
			targets = (
				F1576161188DFFAF00175663 /* TableViewWithMap */,
				F1576185188DFFAF00175663 /* TableViewWithMapTests */,
			);
		};
/* End PBXProject section */

/* Begin PBXResourcesBuildPhase section */
		F1576160188DFFAF00175663 /* Resources */ = {
			isa = PBXResourcesBuildPhase;
			buildActionMask = 2147483647;
			files = (
				F1576181188DFFAF00175663 /* Images.xcassets in Resources */,
				F1576179188DFFAF00175663 /* Main_iPhone.storyboard in Resources */,
				F1576170188DFFAF00175663 /* InfoPlist.strings in Resources */,
			);
			runOnlyForDeploymentPostprocessing = 0;
		};
		F1576184188DFFAF00175663 /* Resources */ = {
			isa = PBXResourcesBuildPhase;
			buildActionMask = 2147483647;
			files = (
				F1576192188DFFB000175663 /* InfoPlist.strings in Resources */,
			);
			runOnlyForDeploymentPostprocessing = 0;
		};
/* End PBXResourcesBuildPhase section */

/* Begin PBXSourcesBuildPhase section */
		F157615E188DFFAF00175663 /* Sources */ = {
			isa = PBXSourcesBuildPhase;
			buildActionMask = 2147483647;
			files = (
				F157617F188DFFAF00175663 /* ViewController.m in Sources */,
				F1576176188DFFAF00175663 /* AppDelegate.m in Sources */,
				F18FCF93188E003C00E84B08 /* BATableView.m in Sources */,
				F1576172188DFFAF00175663 /* main.m in Sources */,
			);
			runOnlyForDeploymentPostprocessing = 0;
		};
		F1576182188DFFAF00175663 /* Sources */ = {
			isa = PBXSourcesBuildPhase;
			buildActionMask = 2147483647;
			files = (
				F1576194188DFFB000175663 /* TableViewWithMapTests.m in Sources */,
			);
			runOnlyForDeploymentPostprocessing = 0;
		};
/* End PBXSourcesBuildPhase section */

/* Begin PBXTargetDependency section */
		F157618C188DFFAF00175663 /* PBXTargetDependency */ = {
			isa = PBXTargetDependency;
			target = F1576161188DFFAF00175663 /* TableViewWithMap */;
			targetProxy = F157618B188DFFAF00175663 /* PBXContainerItemProxy */;
		};
/* End PBXTargetDependency section */

/* Begin PBXVariantGroup section */
		F157616E188DFFAF00175663 /* InfoPlist.strings */ = {
			isa = PBXVariantGroup;
			children = (
				F157616F188DFFAF00175663 /* en */,
			);
			name = InfoPlist.strings;
			sourceTree = "<group>";
		};
		F1576177188DFFAF00175663 /* Main_iPhone.storyboard */ = {
			isa = PBXVariantGroup;
			children = (
				F1576178188DFFAF00175663 /* Base */,
			);
			name = Main_iPhone.storyboard;
			sourceTree = "<group>";
		};
		F1576190188DFFB000175663 /* InfoPlist.strings */ = {
			isa = PBXVariantGroup;
			children = (
				F1576191188DFFB000175663 /* en */,
			);
			name = InfoPlist.strings;
			sourceTree = "<group>";
		};
/* End PBXVariantGroup section */

/* Begin XCBuildConfiguration section */
		F1576195188DFFB000175663 /* Debug */ = {
			isa = XCBuildConfiguration;
			buildSettings = {
				ALWAYS_SEARCH_USER_PATHS = NO;
				ARCHS = "$(ARCHS_STANDARD_INCLUDING_64_BIT)";
				CLANG_CXX_LANGUAGE_STANDARD = "gnu++0x";
				CLANG_CXX_LIBRARY = "libc++";
				CLANG_ENABLE_MODULES = YES;
				CLANG_ENABLE_OBJC_ARC = YES;
				CLANG_WARN_BOOL_CONVERSION = YES;
				CLANG_WARN_CONSTANT_CONVERSION = YES;
				CLANG_WARN_DIRECT_OBJC_ISA_USAGE = YES_ERROR;
				CLANG_WARN_EMPTY_BODY = YES;
				CLANG_WARN_ENUM_CONVERSION = YES;
				CLANG_WARN_INT_CONVERSION = YES;
				CLANG_WARN_OBJC_ROOT_CLASS = YES_ERROR;
				CLANG_WARN__DUPLICATE_METHOD_MATCH = YES;
				"CODE_SIGN_IDENTITY[sdk=iphoneos*]" = "iPhone Developer";
				COPY_PHASE_STRIP = NO;
				GCC_C_LANGUAGE_STANDARD = gnu99;
				GCC_DYNAMIC_NO_PIC = NO;
				GCC_OPTIMIZATION_LEVEL = 0;
				GCC_PREPROCESSOR_DEFINITIONS = (
					"DEBUG=1",
					"$(inherited)",
				);
				GCC_SYMBOLS_PRIVATE_EXTERN = NO;
				GCC_WARN_64_TO_32_BIT_CONVERSION = YES;
				GCC_WARN_ABOUT_RETURN_TYPE = YES_ERROR;
				GCC_WARN_UNDECLARED_SELECTOR = YES;
				GCC_WARN_UNINITIALIZED_AUTOS = YES;
				GCC_WARN_UNUSED_FUNCTION = YES;
				GCC_WARN_UNUSED_VARIABLE = YES;
				IPHONEOS_DEPLOYMENT_TARGET = 7.0;
				ONLY_ACTIVE_ARCH = YES;
				SDKROOT = iphoneos;
				TARGETED_DEVICE_FAMILY = "1,2";
			};
			name = Debug;
		};
		F1576196188DFFB000175663 /* Release */ = {
			isa = XCBuildConfiguration;
			buildSettings = {
				ALWAYS_SEARCH_USER_PATHS = NO;
				ARCHS = "$(ARCHS_STANDARD_INCLUDING_64_BIT)";
				CLANG_CXX_LANGUAGE_STANDARD = "gnu++0x";
				CLANG_CXX_LIBRARY = "libc++";
				CLANG_ENABLE_MODULES = YES;
				CLANG_ENABLE_OBJC_ARC = YES;
				CLANG_WARN_BOOL_CONVERSION = YES;
				CLANG_WARN_CONSTANT_CONVERSION = YES;
				CLANG_WARN_DIRECT_OBJC_ISA_USAGE = YES_ERROR;
				CLANG_WARN_EMPTY_BODY = YES;
				CLANG_WARN_ENUM_CONVERSION = YES;
				CLANG_WARN_INT_CONVERSION = YES;
				CLANG_WARN_OBJC_ROOT_CLASS = YES_ERROR;
				CLANG_WARN__DUPLICATE_METHOD_MATCH = YES;
				"CODE_SIGN_IDENTITY[sdk=iphoneos*]" = "iPhone Developer";
				COPY_PHASE_STRIP = YES;
				ENABLE_NS_ASSERTIONS = NO;
				GCC_C_LANGUAGE_STANDARD = gnu99;
				GCC_WARN_64_TO_32_BIT_CONVERSION = YES;
				GCC_WARN_ABOUT_RETURN_TYPE = YES_ERROR;
				GCC_WARN_UNDECLARED_SELECTOR = YES;
				GCC_WARN_UNINITIALIZED_AUTOS = YES;
				GCC_WARN_UNUSED_FUNCTION = YES;
				GCC_WARN_UNUSED_VARIABLE = YES;
				IPHONEOS_DEPLOYMENT_TARGET = 7.0;
				SDKROOT = iphoneos;
				TARGETED_DEVICE_FAMILY = "1,2";
				VALIDATE_PRODUCT = YES;
			};
			name = Release;
		};
		F1576198188DFFB000175663 /* Debug */ = {
			isa = XCBuildConfiguration;
			buildSettings = {
				ASSETCATALOG_COMPILER_APPICON_NAME = AppIcon;
				ASSETCATALOG_COMPILER_LAUNCHIMAGE_NAME = LaunchImage;
				GCC_PRECOMPILE_PREFIX_HEADER = YES;
				GCC_PREFIX_HEADER = "TableViewWithMap/TableViewWithMap-Prefix.pch";
				INFOPLIST_FILE = "TableViewWithMap/TableViewWithMap-Info.plist";
				PRODUCT_NAME = "$(TARGET_NAME)";
				TARGETED_DEVICE_FAMILY = 1;
				WRAPPER_EXTENSION = app;
			};
			name = Debug;
		};
		F1576199188DFFB000175663 /* Release */ = {
			isa = XCBuildConfiguration;
			buildSettings = {
				ASSETCATALOG_COMPILER_APPICON_NAME = AppIcon;
				ASSETCATALOG_COMPILER_LAUNCHIMAGE_NAME = LaunchImage;
				GCC_PRECOMPILE_PREFIX_HEADER = YES;
				GCC_PREFIX_HEADER = "TableViewWithMap/TableViewWithMap-Prefix.pch";
				INFOPLIST_FILE = "TableViewWithMap/TableViewWithMap-Info.plist";
				PRODUCT_NAME = "$(TARGET_NAME)";
				TARGETED_DEVICE_FAMILY = 1;
				WRAPPER_EXTENSION = app;
			};
			name = Release;
		};
		F157619B188DFFB000175663 /* Debug */ = {
			isa = XCBuildConfiguration;
			buildSettings = {
				ARCHS = "$(ARCHS_STANDARD_INCLUDING_64_BIT)";
				BUNDLE_LOADER = "$(BUILT_PRODUCTS_DIR)/TableViewWithMap.app/TableViewWithMap";
				FRAMEWORK_SEARCH_PATHS = (
					"$(SDKROOT)/Developer/Library/Frameworks",
					"$(inherited)",
					"$(DEVELOPER_FRAMEWORKS_DIR)",
				);
				GCC_PRECOMPILE_PREFIX_HEADER = YES;
				GCC_PREFIX_HEADER = "TableViewWithMap/TableViewWithMap-Prefix.pch";
				GCC_PREPROCESSOR_DEFINITIONS = (
					"DEBUG=1",
					"$(inherited)",
				);
				INFOPLIST_FILE = "TableViewWithMapTests/TableViewWithMapTests-Info.plist";
				PRODUCT_NAME = "$(TARGET_NAME)";
				TEST_HOST = "$(BUNDLE_LOADER)";
				WRAPPER_EXTENSION = xctest;
			};
			name = Debug;
		};
		F157619C188DFFB000175663 /* Release */ = {
			isa = XCBuildConfiguration;
			buildSettings = {
				ARCHS = "$(ARCHS_STANDARD_INCLUDING_64_BIT)";
				BUNDLE_LOADER = "$(BUILT_PRODUCTS_DIR)/TableViewWithMap.app/TableViewWithMap";
				FRAMEWORK_SEARCH_PATHS = (
					"$(SDKROOT)/Developer/Library/Frameworks",
					"$(inherited)",
					"$(DEVELOPER_FRAMEWORKS_DIR)",
				);
				GCC_PRECOMPILE_PREFIX_HEADER = YES;
				GCC_PREFIX_HEADER = "TableViewWithMap/TableViewWithMap-Prefix.pch";
				INFOPLIST_FILE = "TableViewWithMapTests/TableViewWithMapTests-Info.plist";
				PRODUCT_NAME = "$(TARGET_NAME)";
				TEST_HOST = "$(BUNDLE_LOADER)";
				WRAPPER_EXTENSION = xctest;
			};
			name = Release;
		};
/* End XCBuildConfiguration section */

/* Begin XCConfigurationList section */
		F157615D188DFFAF00175663 /* Build configuration list for PBXProject "TableViewWithMap" */ = {
			isa = XCConfigurationList;
			buildConfigurations = (
				F1576195188DFFB000175663 /* Debug */,
				F1576196188DFFB000175663 /* Release */,
			);
			defaultConfigurationIsVisible = 0;
			defaultConfigurationName = Release;
		};
		F1576197188DFFB000175663 /* Build configuration list for PBXNativeTarget "TableViewWithMap" */ = {
			isa = XCConfigurationList;
			buildConfigurations = (
				F1576198188DFFB000175663 /* Debug */,
				F1576199188DFFB000175663 /* Release */,
			);
			defaultConfigurationIsVisible = 0;
			defaultConfigurationName = Release;
		};
		F157619A188DFFB000175663 /* Build configuration list for PBXNativeTarget "TableViewWithMapTests" */ = {
			isa = XCConfigurationList;
			buildConfigurations = (
				F157619B188DFFB000175663 /* Debug */,
				F157619C188DFFB000175663 /* Release */,
			);
			defaultConfigurationIsVisible = 0;
			defaultConfigurationName = Release;
		};
/* End XCConfigurationList section */
	};
	rootObject = F157615A188DFFAF00175663 /* Project object */;
}
